
Microsoft Visual Studio Solution File, Format Version 12.00
# Visual Studio 15
VisualStudioVersion = 15.0.27703.2000
MinimumVisualStudioVersion = 10.0.40219.1
Project("{FAE04EC0-301F-11D3-BF4B-00C04F79EFBC}") = "SwampBuildMonitor", "SwampBuildMonitor\SwampBuildMonitor.csproj", "{91EF2859-05FE-44C1-A003-7E5DA61E8A1D}"
EndProject
Global
	GlobalSection(SolutionConfigurationPlatforms) = preSolution
		Debug|Any CPU = Debug|Any CPU
		Release|Any CPU = Release|Any CPU
	EndGlobalSection
	GlobalSection(ProjectConfigurationPlatforms) = postSolution
		{91EF2859-05FE-44C1-A003-7E5DA61E8A1D}.Debug|Any CPU.ActiveCfg = Debug|Any CPU
		{91EF2859-05FE-44C1-A003-7E5DA61E8A1D}.Debug|Any CPU.Build.0 = Debug|Any CPU
		{91EF2859-05FE-44C1-A003-7E5DA61E8A1D}.Release|Any CPU.ActiveCfg = Release|Any CPU
		{91EF2859-05FE-44C1-A003-7E5DA61E8A1D}.Release|Any CPU.Build.0 = Release|Any CPU
	EndGlobalSection
	GlobalSection(SolutionProperties) = preSolution
		HideSolutionNode = FALSE
	EndGlobalSection
	GlobalSection(ExtensibilityGlobals) = postSolution
		SolutionGuid = {B1A06914-CE78-461E-B533-236F5DFD09E3}
	EndGlobalSection
EndGlobal
